
Microsoft Visual Studio Solution File, Format Version 12.00
# Visual Studio Version 17
VisualStudioVersion = 17.3.32819.101
MinimumVisualStudioVersion = 10.0.40219.1
Project("{FAE04EC0-301F-11D3-BF4B-00C04F79EFBC}") = "HW 6 Character Battle", "HW 6 Character Battle.csproj", "{2D30ECEE-6386-401E-9BB2-B33A67982F6C}"
EndProject
Global
	GlobalSection(SolutionConfigurationPlatforms) = preSolution
		Debug|Any CPU = Debug|Any CPU
		Release|Any CPU = Release|Any CPU
	EndGlobalSection
	GlobalSection(ProjectConfigurationPlatforms) = postSolution
		{2D30ECEE-6386-401E-9BB2-B33A67982F6C}.Debug|Any CPU.ActiveCfg = Debug|Any CPU
		{2D30ECEE-6386-401E-9BB2-B33A67982F6C}.Debug|Any CPU.Build.0 = Debug|Any CPU
		{2D30ECEE-6386-401E-9BB2-B33A67982F6C}.Release|Any CPU.ActiveCfg = Release|Any CPU
		{2D30ECEE-6386-401E-9BB2-B33A67982F6C}.Release|Any CPU.Build.0 = Release|Any CPU
	EndGlobalSection
	GlobalSection(SolutionProperties) = preSolution
		HideSolutionNode = FALSE
	EndGlobalSection
	GlobalSection(ExtensibilityGlobals) = postSolution
		SolutionGuid = {DEE6AFA4-ABBE-4266-8AB8-C01228D6C4AC}
	EndGlobalSection
EndGlobal
