
Microsoft Visual Studio Solution File, Format Version 12.00
# Visual Studio Version 17
VisualStudioVersion = 17.2.32630.192
MinimumVisualStudioVersion = 10.0.40219.1
Project("{FAE04EC0-301F-11D3-BF4B-00C04F79EFBC}") = "Gradebook Homework", "Gradebook Homework.csproj", "{76527F19-FB65-4B0C-B8E6-24AF73D34A81}"
EndProject
Global
	GlobalSection(SolutionConfigurationPlatforms) = preSolution
		Debug|Any CPU = Debug|Any CPU
		Release|Any CPU = Release|Any CPU
	EndGlobalSection
	GlobalSection(ProjectConfigurationPlatforms) = postSolution
		{76527F19-FB65-4B0C-B8E6-24AF73D34A81}.Debug|Any CPU.ActiveCfg = Debug|Any CPU
		{76527F19-FB65-4B0C-B8E6-24AF73D34A81}.Debug|Any CPU.Build.0 = Debug|Any CPU
		{76527F19-FB65-4B0C-B8E6-24AF73D34A81}.Release|Any CPU.ActiveCfg = Release|Any CPU
		{76527F19-FB65-4B0C-B8E6-24AF73D34A81}.Release|Any CPU.Build.0 = Release|Any CPU
	EndGlobalSection
	GlobalSection(SolutionProperties) = preSolution
		HideSolutionNode = FALSE
	EndGlobalSection
	GlobalSection(ExtensibilityGlobals) = postSolution
		SolutionGuid = {24BB91A4-E986-439B-A7B0-3A70737C7343}
	EndGlobalSection
EndGlobal
