
Microsoft Visual Studio Solution File, Format Version 12.00
# Visual Studio Version 17
VisualStudioVersion = 17.2.32630.192
MinimumVisualStudioVersion = 10.0.40219.1
Project("{FAE04EC0-301F-11D3-BF4B-00C04F79EFBC}") = "Array.Demo", "Array.Demo.csproj", "{595DE823-2EF9-4B2C-A13F-A08DCE30A1F6}"
EndProject
Global
	GlobalSection(SolutionConfigurationPlatforms) = preSolution
		Debug|Any CPU = Debug|Any CPU
		Release|Any CPU = Release|Any CPU
	EndGlobalSection
	GlobalSection(ProjectConfigurationPlatforms) = postSolution
		{595DE823-2EF9-4B2C-A13F-A08DCE30A1F6}.Debug|Any CPU.ActiveCfg = Debug|Any CPU
		{595DE823-2EF9-4B2C-A13F-A08DCE30A1F6}.Debug|Any CPU.Build.0 = Debug|Any CPU
		{595DE823-2EF9-4B2C-A13F-A08DCE30A1F6}.Release|Any CPU.ActiveCfg = Release|Any CPU
		{595DE823-2EF9-4B2C-A13F-A08DCE30A1F6}.Release|Any CPU.Build.0 = Release|Any CPU
	EndGlobalSection
	GlobalSection(SolutionProperties) = preSolution
		HideSolutionNode = FALSE
	EndGlobalSection
	GlobalSection(ExtensibilityGlobals) = postSolution
		SolutionGuid = {E3BFCF14-8BC7-48C9-8309-407C6BA5A3A0}
	EndGlobalSection
EndGlobal
