
Microsoft Visual Studio Solution File, Format Version 12.00
# Visual Studio Version 17
VisualStudioVersion = 17.3.32819.101
MinimumVisualStudioVersion = 10.0.40219.1
Project("{FAE04EC0-301F-11D3-BF4B-00C04F79EFBC}") = "PE_Arrays", "PE_Arrays.csproj", "{BE70B3A4-DF18-42B4-A9AF-D9C05E8D16DF}"
EndProject
Global
	GlobalSection(SolutionConfigurationPlatforms) = preSolution
		Debug|Any CPU = Debug|Any CPU
		Release|Any CPU = Release|Any CPU
	EndGlobalSection
	GlobalSection(ProjectConfigurationPlatforms) = postSolution
		{BE70B3A4-DF18-42B4-A9AF-D9C05E8D16DF}.Debug|Any CPU.ActiveCfg = Debug|Any CPU
		{BE70B3A4-DF18-42B4-A9AF-D9C05E8D16DF}.Debug|Any CPU.Build.0 = Debug|Any CPU
		{BE70B3A4-DF18-42B4-A9AF-D9C05E8D16DF}.Release|Any CPU.ActiveCfg = Release|Any CPU
		{BE70B3A4-DF18-42B4-A9AF-D9C05E8D16DF}.Release|Any CPU.Build.0 = Release|Any CPU
	EndGlobalSection
	GlobalSection(SolutionProperties) = preSolution
		HideSolutionNode = FALSE
	EndGlobalSection
	GlobalSection(ExtensibilityGlobals) = postSolution
		SolutionGuid = {01133053-4C64-46E6-BA68-29D3B04D3977}
	EndGlobalSection
EndGlobal
