
Microsoft Visual Studio Solution File, Format Version 12.00
# Visual Studio Version 17
VisualStudioVersion = 17.2.32630.192
MinimumVisualStudioVersion = 10.0.40219.1
Project("{FAE04EC0-301F-11D3-BF4B-00C04F79EFBC}") = "Demo_Lists", "Demo_Lists\Demo_Lists.csproj", "{7D794636-24F3-4FD0-B8D8-12C71ABB8896}"
EndProject
Global
	GlobalSection(SolutionConfigurationPlatforms) = preSolution
		Debug|Any CPU = Debug|Any CPU
		Release|Any CPU = Release|Any CPU
	EndGlobalSection
	GlobalSection(ProjectConfigurationPlatforms) = postSolution
		{7D794636-24F3-4FD0-B8D8-12C71ABB8896}.Debug|Any CPU.ActiveCfg = Debug|Any CPU
		{7D794636-24F3-4FD0-B8D8-12C71ABB8896}.Debug|Any CPU.Build.0 = Debug|Any CPU
		{7D794636-24F3-4FD0-B8D8-12C71ABB8896}.Release|Any CPU.ActiveCfg = Release|Any CPU
		{7D794636-24F3-4FD0-B8D8-12C71ABB8896}.Release|Any CPU.Build.0 = Release|Any CPU
	EndGlobalSection
	GlobalSection(SolutionProperties) = preSolution
		HideSolutionNode = FALSE
	EndGlobalSection
	GlobalSection(ExtensibilityGlobals) = postSolution
		SolutionGuid = {AC708C1F-C596-495F-A93F-9265F2041689}
	EndGlobalSection
EndGlobal
