
Microsoft Visual Studio Solution File, Format Version 12.00
# Visual Studio Version 17
VisualStudioVersion = 17.2.32630.192
MinimumVisualStudioVersion = 10.0.40219.1
Project("{FAE04EC0-301F-11D3-BF4B-00C04F79EFBC}") = "PE 26 2D Arrays", "PE 26 2D Arrays.csproj", "{78DF3918-5249-4A4F-9DD7-6DD03292EA1C}"
EndProject
Global
	GlobalSection(SolutionConfigurationPlatforms) = preSolution
		Debug|Any CPU = Debug|Any CPU
		Release|Any CPU = Release|Any CPU
	EndGlobalSection
	GlobalSection(ProjectConfigurationPlatforms) = postSolution
		{78DF3918-5249-4A4F-9DD7-6DD03292EA1C}.Debug|Any CPU.ActiveCfg = Debug|Any CPU
		{78DF3918-5249-4A4F-9DD7-6DD03292EA1C}.Debug|Any CPU.Build.0 = Debug|Any CPU
		{78DF3918-5249-4A4F-9DD7-6DD03292EA1C}.Release|Any CPU.ActiveCfg = Release|Any CPU
		{78DF3918-5249-4A4F-9DD7-6DD03292EA1C}.Release|Any CPU.Build.0 = Release|Any CPU
	EndGlobalSection
	GlobalSection(SolutionProperties) = preSolution
		HideSolutionNode = FALSE
	EndGlobalSection
	GlobalSection(ExtensibilityGlobals) = postSolution
		SolutionGuid = {DA64944B-6445-4CA9-9BB4-1D20D3512EAE}
	EndGlobalSection
EndGlobal
