
Microsoft Visual Studio Solution File, Format Version 12.00
# Visual Studio Version 17
VisualStudioVersion = 17.3.32819.101
MinimumVisualStudioVersion = 10.0.40219.1
Project("{FAE04EC0-301F-11D3-BF4B-00C04F79EFBC}") = "Text File IO PE", "Text File IO PE.csproj", "{5D492E1F-45C0-412C-9D4D-AECE62935B0D}"
EndProject
Global
	GlobalSection(SolutionConfigurationPlatforms) = preSolution
		Debug|Any CPU = Debug|Any CPU
		Release|Any CPU = Release|Any CPU
	EndGlobalSection
	GlobalSection(ProjectConfigurationPlatforms) = postSolution
		{5D492E1F-45C0-412C-9D4D-AECE62935B0D}.Debug|Any CPU.ActiveCfg = Debug|Any CPU
		{5D492E1F-45C0-412C-9D4D-AECE62935B0D}.Debug|Any CPU.Build.0 = Debug|Any CPU
		{5D492E1F-45C0-412C-9D4D-AECE62935B0D}.Release|Any CPU.ActiveCfg = Release|Any CPU
		{5D492E1F-45C0-412C-9D4D-AECE62935B0D}.Release|Any CPU.Build.0 = Release|Any CPU
	EndGlobalSection
	GlobalSection(SolutionProperties) = preSolution
		HideSolutionNode = FALSE
	EndGlobalSection
	GlobalSection(ExtensibilityGlobals) = postSolution
		SolutionGuid = {0AF812CF-BD58-4B84-9CC3-52D680EAAECD}
	EndGlobalSection
EndGlobal
