
Microsoft Visual Studio Solution File, Format Version 12.00
# Visual Studio Version 17
VisualStudioVersion = 17.2.32630.192
MinimumVisualStudioVersion = 10.0.40219.1
Project("{FAE04EC0-301F-11D3-BF4B-00C04F79EFBC}") = "Nested Loop Demos", "Nested Loop Demos.csproj", "{40AA0820-ECED-49F8-8055-00CAAD6362C8}"
EndProject
Global
	GlobalSection(SolutionConfigurationPlatforms) = preSolution
		Debug|Any CPU = Debug|Any CPU
		Release|Any CPU = Release|Any CPU
	EndGlobalSection
	GlobalSection(ProjectConfigurationPlatforms) = postSolution
		{40AA0820-ECED-49F8-8055-00CAAD6362C8}.Debug|Any CPU.ActiveCfg = Debug|Any CPU
		{40AA0820-ECED-49F8-8055-00CAAD6362C8}.Debug|Any CPU.Build.0 = Debug|Any CPU
		{40AA0820-ECED-49F8-8055-00CAAD6362C8}.Release|Any CPU.ActiveCfg = Release|Any CPU
		{40AA0820-ECED-49F8-8055-00CAAD6362C8}.Release|Any CPU.Build.0 = Release|Any CPU
	EndGlobalSection
	GlobalSection(SolutionProperties) = preSolution
		HideSolutionNode = FALSE
	EndGlobalSection
	GlobalSection(ExtensibilityGlobals) = postSolution
		SolutionGuid = {4014D04A-D9DD-44FC-9855-BD67C12ABFB7}
	EndGlobalSection
EndGlobal
