
Microsoft Visual Studio Solution File, Format Version 12.00
# Visual Studio Version 17
VisualStudioVersion = 17.2.32630.192
MinimumVisualStudioVersion = 10.0.40219.1
Project("{FAE04EC0-301F-11D3-BF4B-00C04F79EFBC}") = "PE Card Deck", "PE Card Deck.csproj", "{F3A91D6D-0E07-44BA-926A-F79B5694E2D7}"
EndProject
Global
	GlobalSection(SolutionConfigurationPlatforms) = preSolution
		Debug|Any CPU = Debug|Any CPU
		Release|Any CPU = Release|Any CPU
	EndGlobalSection
	GlobalSection(ProjectConfigurationPlatforms) = postSolution
		{F3A91D6D-0E07-44BA-926A-F79B5694E2D7}.Debug|Any CPU.ActiveCfg = Debug|Any CPU
		{F3A91D6D-0E07-44BA-926A-F79B5694E2D7}.Debug|Any CPU.Build.0 = Debug|Any CPU
		{F3A91D6D-0E07-44BA-926A-F79B5694E2D7}.Release|Any CPU.ActiveCfg = Release|Any CPU
		{F3A91D6D-0E07-44BA-926A-F79B5694E2D7}.Release|Any CPU.Build.0 = Release|Any CPU
	EndGlobalSection
	GlobalSection(SolutionProperties) = preSolution
		HideSolutionNode = FALSE
	EndGlobalSection
	GlobalSection(ExtensibilityGlobals) = postSolution
		SolutionGuid = {6561E55C-BD34-4977-9AA3-F13C0500E2B1}
	EndGlobalSection
EndGlobal
